
Microsoft Visual Studio Solution File, Format Version 12.00
# Visual Studio Version 16
VisualStudioVersion = 16.0.30011.22
MinimumVisualStudioVersion = 10.0.40219.1
Project("{9A19103F-16F7-4668-BE54-9A1E7A4F7556}") = "Api1", "src\Api1\Api1.csproj", "{A26E3919-ECAA-491D-A47D-C12C4C8031DC}"
EndProject
Project("{9A19103F-16F7-4668-BE54-9A1E7A4F7556}") = "Api2", "src\Api2\Api2.csproj", "{7FEF7CD4-22D4-4723-8CC1-966FD8F5E60D}"
EndProject
Project("{9A19103F-16F7-4668-BE54-9A1E7A4F7556}") = "Api1Test", "tests\Api1Test\Api1Test.csproj", "{FF1B955F-F12D-4C51-98F7-5E48F9BEB597}"
EndProject
Global
	GlobalSection(SolutionConfigurationPlatforms) = preSolution
		Debug|Any CPU = Debug|Any CPU
		Release|Any CPU = Release|Any CPU
	EndGlobalSection
	GlobalSection(ProjectConfigurationPlatforms) = postSolution
		{A26E3919-ECAA-491D-A47D-C12C4C8031DC}.Debug|Any CPU.ActiveCfg = Debug|Any CPU
		{A26E3919-ECAA-491D-A47D-C12C4C8031DC}.Debug|Any CPU.Build.0 = Debug|Any CPU
		{A26E3919-ECAA-491D-A47D-C12C4C8031DC}.Release|Any CPU.ActiveCfg = Release|Any CPU
		{A26E3919-ECAA-491D-A47D-C12C4C8031DC}.Release|Any CPU.Build.0 = Release|Any CPU
		{7FEF7CD4-22D4-4723-8CC1-966FD8F5E60D}.Debug|Any CPU.ActiveCfg = Debug|Any CPU
		{7FEF7CD4-22D4-4723-8CC1-966FD8F5E60D}.Debug|Any CPU.Build.0 = Debug|Any CPU
		{7FEF7CD4-22D4-4723-8CC1-966FD8F5E60D}.Release|Any CPU.ActiveCfg = Release|Any CPU
		{7FEF7CD4-22D4-4723-8CC1-966FD8F5E60D}.Release|Any CPU.Build.0 = Release|Any CPU
		{FF1B955F-F12D-4C51-98F7-5E48F9BEB597}.Debug|Any CPU.ActiveCfg = Debug|Any CPU
		{FF1B955F-F12D-4C51-98F7-5E48F9BEB597}.Debug|Any CPU.Build.0 = Debug|Any CPU
		{FF1B955F-F12D-4C51-98F7-5E48F9BEB597}.Release|Any CPU.ActiveCfg = Release|Any CPU
		{FF1B955F-F12D-4C51-98F7-5E48F9BEB597}.Release|Any CPU.Build.0 = Release|Any CPU
	EndGlobalSection
	GlobalSection(SolutionProperties) = preSolution
		HideSolutionNode = FALSE
	EndGlobalSection
	GlobalSection(ExtensibilityGlobals) = postSolution
		SolutionGuid = {D1FAF7B2-68ED-400D-B49B-F21697AB1F23}
	EndGlobalSection
EndGlobal
